Microsoft Visual Studio Solution File, Format Version 12.00
# Visual Studio Version 18
VisualStudioVersion = 18.0.11012.119 d18.0
MinimumVisualStudioVersion = 10.0.40219.1
Project("{FAE04EC0-301F-11D3-BF4B-00C04F79EFBC}") = "HealthWeatherAgent", "HealthWeatherAgent.csproj", "{91460E6C-2233-F0AD-6B6F-0EF6EA5BEBDB}"
EndProject
Global
	GlobalSection(SolutionConfigurationPlatforms) = preSolution
		Debug|Any CPU = Debug|Any CPU
		Release|Any CPU = Release|Any CPU
	EndGlobalSection
	GlobalSection(ProjectConfigurationPlatforms) = postSolution
		{91460E6C-2233-F0AD-6B6F-0EF6EA5BEBDB}.Debug|Any CPU.ActiveCfg = Debug|Any CPU
		{91460E6C-2233-F0AD-6B6F-0EF6EA5BEBDB}.Debug|Any CPU.Build.0 = Debug|Any CPU
		{91460E6C-2233-F0AD-6B6F-0EF6EA5BEBDB}.Release|Any CPU.ActiveCfg = Release|Any CPU
		{91460E6C-2233-F0AD-6B6F-0EF6EA5BEBDB}.Release|Any CPU.Build.0 = Release|Any CPU
	EndGlobalSection
	GlobalSection(SolutionProperties) = preSolution
		HideSolutionNode = FALSE
	EndGlobalSection
	GlobalSection(ExtensibilityGlobals) = postSolution
		SolutionGuid = {8D26642B-43DB-49AE-B599-947C6D254E1A}
	EndGlobalSection
EndGlobal
